
Microsoft Visual Studio Solution File, Format Version 12.00
# Visual Studio 2012
Project("{8BC9CEB8-8B4A-11D0-8D11-00A0C91BC942}") = "OOPemu", "OOPemu\OOPemu.vcxproj", "{78BAB71C-7DCB-46ED-9345-6E81F6996965}"
EndProject
Global
	GlobalSection(SolutionConfigurationPlatforms) = preSolution
		Debug|Win32 = Debug|Win32
		Release|Win32 = Release|Win32
	EndGlobalSection
	GlobalSection(ProjectConfigurationPlatforms) = postSolution
		{78BAB71C-7DCB-46ED-9345-6E81F6996965}.Debug|Win32.ActiveCfg = Debug|Win32
		{78BAB71C-7DCB-46ED-9345-6E81F6996965}.Debug|Win32.Build.0 = Debug|Win32
		{78BAB71C-7DCB-46ED-9345-6E81F6996965}.Release|Win32.ActiveCfg = Release|Win32
		{78BAB71C-7DCB-46ED-9345-6E81F6996965}.Release|Win32.Build.0 = Release|Win32
	EndGlobalSection
	GlobalSection(SolutionProperties) = preSolution
		HideSolutionNode = FALSE
	EndGlobalSection
EndGlobal
